
Microsoft Visual Studio Solution File, Format Version 12.00
# Visual Studio Version 16
VisualStudioVersion = 16.0.29709.97
MinimumVisualStudioVersion = 10.0.40219.1
Project("{9092AA53-FB77-4645-B42D-1CCCA6BD08BD}") = "finalProject290", "finalProject290.njsproj", "{A040D9CC-C63B-4186-9293-7D32D476DA40}"
EndProject
Global
	GlobalSection(SolutionConfigurationPlatforms) = preSolution
		Debug|Any CPU = Debug|Any CPU
		Release|Any CPU = Release|Any CPU
	EndGlobalSection
	GlobalSection(ProjectConfigurationPlatforms) = postSolution
		{A040D9CC-C63B-4186-9293-7D32D476DA40}.Debug|Any CPU.ActiveCfg = Debug|Any CPU
		{A040D9CC-C63B-4186-9293-7D32D476DA40}.Debug|Any CPU.Build.0 = Debug|Any CPU
		{A040D9CC-C63B-4186-9293-7D32D476DA40}.Release|Any CPU.ActiveCfg = Release|Any CPU
		{A040D9CC-C63B-4186-9293-7D32D476DA40}.Release|Any CPU.Build.0 = Release|Any CPU
	EndGlobalSection
	GlobalSection(SolutionProperties) = preSolution
		HideSolutionNode = FALSE
	EndGlobalSection
	GlobalSection(ExtensibilityGlobals) = postSolution
		SolutionGuid = {2CBA2C70-0AB5-4C6F-8ADD-BA30876635B4}
	EndGlobalSection
EndGlobal
